<?xml version="1.0" encoding="utf-8"?>
<Project ToolsVersion="4.0" xmlns="http://schemas.microsoft.com/developer/msbuild/2003">
  <ItemGroup>
    <Filter Include="TheArchiveEngine">
      <UniqueIdentifier>{9E804E54-8A79-6DA6-B3AB-522B9F034DB2}</UniqueIdentifier>
    </Filter>
    <Filter Include="TheArchiveEngine\Events">
      <UniqueIdentifier>{C28E1537-2EC6-5DCE-37D0-C1F1A38684C7}</UniqueIdentifier>
    </Filter>
  </ItemGroup>
  <ItemGroup>
    <ClInclude Include="src\TheArchiveEngine.h" />
    <ClInclude Include="src\TheArchiveEngine\Application.h">
      <Filter>TheArchiveEngine</Filter>
    </ClInclude>
    <ClInclude Include="src\TheArchiveEngine\Core.h">
      <Filter>TheArchiveEngine</Filter>
    </ClInclude>
    <ClInclude Include="src\TheArchiveEngine\EntryPoint.h">
      <Filter>TheArchiveEngine</Filter>
    </ClInclude>
    <ClInclude Include="src\TheArchiveEngine\Events\ApplicationEvent.h">
      <Filter>TheArchiveEngine\Events</Filter>
    </ClInclude>
    <ClInclude Include="src\TheArchiveEngine\Events\Event.h">
      <Filter>TheArchiveEngine\Events</Filter>
    </ClInclude>
    <ClInclude Include="src\TheArchiveEngine\Events\KeyEvent.h">
      <Filter>TheArchiveEngine\Events</Filter>
    </ClInclude>
    <ClInclude Include="src\TheArchiveEngine\Events\MouseEvent.h">
      <Filter>TheArchiveEngine\Events</Filter>
    </ClInclude>
    <ClInclude Include="src\TheArchiveEngine\Log.h">
      <Filter>TheArchiveEngine</Filter>
    </ClInclude>
    <ClInclude Include="src\aepch.h" />
  </ItemGroup>
  <ItemGroup>
    <ClCompile Include="src\TheArchiveEngine\Application.cpp">
      <Filter>TheArchiveEngine</Filter>
    </ClCompile>
    <ClCompile Include="src\TheArchiveEngine\Log.cpp">
      <Filter>TheArchiveEngine</Filter>
    </ClCompile>
    <ClCompile Include="src\aepch.cpp" />
  </ItemGroup>
</Project>