<?xml version="1.0" encoding="utf-8"?>
<Project ToolsVersion="4.0" xmlns="http://schemas.microsoft.com/developer/msbuild/2003">
  <ItemGroup>
    <Filter Include="TheArchiveEngine">
      <UniqueIdentifier>{9E804E54-8A79-6DA6-B3AB-522B9F034DB2}</UniqueIdentifier>
    </Filter>
  </ItemGroup>
  <ItemGroup>
    <ClInclude Include="src\TheArchiveEngine.h" />
    <ClInclude Include="src\TheArchiveEngine\Application.h">
      <Filter>TheArchiveEngine</Filter>
    </ClInclude>
    <ClInclude Include="src\TheArchiveEngine\Core.h">
      <Filter>TheArchiveEngine</Filter>
    </ClInclude>
    <ClInclude Include="src\TheArchiveEngine\EntryPoint.h">
      <Filter>TheArchiveEngine</Filter>
    </ClInclude>
    <ClInclude Include="src\TheArchiveEngine\Log.h">
      <Filter>TheArchiveEngine</Filter>
    </ClInclude>
  </ItemGroup>
  <ItemGroup>
    <ClCompile Include="src\TheArchiveEngine\Application.cpp">
      <Filter>TheArchiveEngine</Filter>
    </ClCompile>
    <ClCompile Include="src\TheArchiveEngine\Log.cpp">
      <Filter>TheArchiveEngine</Filter>
    </ClCompile>
    <ClCompile Include="src\TheArchiveEngine\Log.cpp">
      <Filter>Source Files</Filter>
    </ClCompile>
  </ItemGroup>
<<<<<<< HEAD
=======
  <ItemGroup>
    <ClInclude Include="src\TheArchiveEngine\Application.h">
      <Filter>Header Files</Filter>
    </ClInclude>
    <ClInclude Include="src\TheArchiveEngine\Core.h">
      <Filter>Header Files</Filter>
    </ClInclude>
    <ClInclude Include="src\TheArchiveEngine.h">
      <Filter>Header Files</Filter>
    </ClInclude>
    <ClInclude Include="src\TheArchiveEngine\EntryPoint.h">
      <Filter>Header Files</Filter>
    </ClInclude>
    <ClInclude Include="src\TheArchiveEngine\Log.h">
      <Filter>Header Files</Filter>
    </ClInclude>
  </ItemGroup>
>>>>>>> 22c5fff9279f6e16dfeab983e942447013575d04
</Project>