<?xml version="1.0" encoding="utf-8"?>
<Project ToolsVersion="4.0" xmlns="http://schemas.microsoft.com/developer/msbuild/2003">
  <ItemGroup>
    <Filter Include="Platform">
      <UniqueIdentifier>{2AC788B4-1694-E3BF-3FAD-D1672BD9184E}</UniqueIdentifier>
    </Filter>
    <Filter Include="Platform\OpenGL">
      <UniqueIdentifier>{1E7D2C1D-8A08-9AE1-9319-1DD6FF23F6E1}</UniqueIdentifier>
    </Filter>
    <Filter Include="Platform\Windows">
      <UniqueIdentifier>{64FBD71A-50F4-F66C-7926-DCF1657ED678}</UniqueIdentifier>
    </Filter>
    <Filter Include="TheArchiveEngine">
      <UniqueIdentifier>{9E804E54-8A79-6DA6-B3AB-522B9F034DB2}</UniqueIdentifier>
    </Filter>
    <Filter Include="TheArchiveEngine\Events">
      <UniqueIdentifier>{C28E1537-2EC6-5DCE-37D0-C1F1A38684C7}</UniqueIdentifier>
    </Filter>
    <Filter Include="TheArchiveEngine\ImGui">
      <UniqueIdentifier>{4874A8EA-346E-D13C-1DDB-674D097437A9}</UniqueIdentifier>
    </Filter>
  </ItemGroup>
  <ItemGroup>
    <ClInclude Include="src\Platform\OpenGL\ImGuiOpenGLRenderer.h">
      <Filter>Platform\OpenGL</Filter>
    </ClInclude>
    <ClInclude Include="src\Platform\Windows\WindowsWindow.h">
      <Filter>Platform\Windows</Filter>
    </ClInclude>
    <ClInclude Include="src\TheArchiveEngine.h" />
    <ClInclude Include="src\TheArchiveEngine\Application.h">
      <Filter>TheArchiveEngine</Filter>
    </ClInclude>
    <ClInclude Include="src\TheArchiveEngine\Core.h">
      <Filter>TheArchiveEngine</Filter>
    </ClInclude>
    <ClInclude Include="src\TheArchiveEngine\EntryPoint.h">
      <Filter>TheArchiveEngine</Filter>
    </ClInclude>
    <ClInclude Include="src\TheArchiveEngine\Events\ApplicationEvent.h">
      <Filter>TheArchiveEngine\Events</Filter>
    </ClInclude>
    <ClInclude Include="src\TheArchiveEngine\Events\Event.h">
      <Filter>TheArchiveEngine\Events</Filter>
    </ClInclude>
    <ClInclude Include="src\TheArchiveEngine\Events\KeyEvent.h">
      <Filter>TheArchiveEngine\Events</Filter>
    </ClInclude>
    <ClInclude Include="src\TheArchiveEngine\Events\MouseEvent.h">
      <Filter>TheArchiveEngine\Events</Filter>
    </ClInclude>
    <ClInclude Include="src\TheArchiveEngine\ImGui\ImGuiLayer.h">
      <Filter>TheArchiveEngine\ImGui</Filter>
    </ClInclude>
    <ClInclude Include="src\TheArchiveEngine\Layer.h">
      <Filter>TheArchiveEngine</Filter>
    </ClInclude>
    <ClInclude Include="src\TheArchiveEngine\LayerStack.h">
      <Filter>TheArchiveEngine</Filter>
    </ClInclude>
    <ClInclude Include="src\TheArchiveEngine\Log.h">
      <Filter>TheArchiveEngine</Filter>
    </ClInclude>
    <ClInclude Include="src\TheArchiveEngine\Window.h">
      <Filter>TheArchiveEngine</Filter>
    </ClInclude>
    <ClInclude Include="src\aepch.h" />
    <ClInclude Include="src\TheArchiveEngine\Input.h" />
    <ClInclude Include="src\Platform\Windows\WindowsInput.h" />
  </ItemGroup>
  <ItemGroup>
    <ClCompile Include="src\Platform\OpenGL\ImGuiOpenGLRenderer.cpp">
      <Filter>Platform\OpenGL</Filter>
    </ClCompile>
    <ClCompile Include="src\Platform\Windows\WindowsWindow.cpp">
      <Filter>Platform\Windows</Filter>
    </ClCompile>
    <ClCompile Include="src\TheArchiveEngine\Application.cpp">
      <Filter>TheArchiveEngine</Filter>
    </ClCompile>
    <ClCompile Include="src\TheArchiveEngine\ImGui\ImGuiLayer.cpp">
      <Filter>TheArchiveEngine\ImGui</Filter>
    </ClCompile>
    <ClCompile Include="src\TheArchiveEngine\Layer.cpp">
      <Filter>TheArchiveEngine</Filter>
    </ClCompile>
    <ClCompile Include="src\TheArchiveEngine\LayerStack.cpp">
      <Filter>TheArchiveEngine</Filter>
    </ClCompile>
    <ClCompile Include="src\TheArchiveEngine\Log.cpp">
      <Filter>TheArchiveEngine</Filter>
    </ClCompile>
    <ClCompile Include="src\aepch.cpp" />
    <ClCompile Include="src\Platform\Windows\WindowsInput.cpp" />
  </ItemGroup>
</Project>